lockfileVersion: '6.0'

settings:
  autoInstallPeers: true
  excludeLinksFromLockfile: false

dependencies:
  '@nestjs/mapped-types':
    specifier: '*'
    version: 2.0.2(@nestjs/common@10.2.5)(reflect-metadata@0.1.13)

packages:

  /@lukeed/csprng@1.1.0:
    resolution: {integrity: sha512-Z7C/xXCiGWsg0KuKsHTKJxbWhpI3Vs5GwLfOean7MGyVFGqdRgBbAjOCh6u4bbjPc/8MJ2pZmK/0DLdCbivLDA==}
    engines: {node: '>=8'}
    dev: false

  /@nestjs/common@10.2.5(reflect-metadata@0.1.13)(rxjs@7.8.1):
    resolution: {integrity: sha512-2BfkPZKmTVxflm8bhmClKKcHwhlyweEfbM25g7ldXIK9+utCPVXqBfZGORj2L8QagiT6bei48FJmGc2S1tiFEQ==}
    peerDependencies:
      class-transformer: '*'
      class-validator: '*'
      reflect-metadata: ^0.1.12
      rxjs: ^7.1.0
    peerDependenciesMeta:
      class-transformer:
        optional: true
      class-validator:
        optional: true
    dependencies:
      iterare: 1.2.1
      reflect-metadata: 0.1.13
      rxjs: 7.8.1
      tslib: 2.6.2
      uid: 2.0.2
    dev: false

  /@nestjs/mapped-types@2.0.2(@nestjs/common@10.2.5)(reflect-metadata@0.1.13):
    resolution: {integrity: sha512-V0izw6tWs6fTp9+KiiPUbGHWALy563Frn8X6Bm87ANLRuE46iuBMD5acKBDP5lKL/75QFvrzSJT7HkCbB0jTpg==}
    peerDependencies:
      '@nestjs/common': ^8.0.0 || ^9.0.0 || ^10.0.0
      class-transformer: ^0.4.0 || ^0.5.0
      class-validator: ^0.13.0 || ^0.14.0
      reflect-metadata: ^0.1.12
    peerDependenciesMeta:
      class-transformer:
        optional: true
      class-validator:
        optional: true
    dependencies:
      '@nestjs/common': 10.2.5(reflect-metadata@0.1.13)(rxjs@7.8.1)
      reflect-metadata: 0.1.13
    dev: false

  /iterare@1.2.1:
    resolution: {integrity: sha512-RKYVTCjAnRthyJes037NX/IiqeidgN1xc3j1RjFfECFp28A1GVwK9nA+i0rJPaHqSZwygLzRnFlzUuHFoWWy+Q==}
    engines: {node: '>=6'}
    dev: false

  /reflect-metadata@0.1.13:
    resolution: {integrity: sha512-Ts1Y/anZELhSsjMcU605fU9RE4Oi3p5ORujwbIKXfWa+0Zxs510Qrmrce5/Jowq3cHSZSJqBjypxmHarc+vEWg==}
    dev: false

  /rxjs@7.8.1:
    resolution: {integrity: sha512-AA3TVj+0A2iuIoQkWEK/tqFjBq2j+6PO6Y0zJcvzLAFhEFIO3HL0vls9hWLncZbAAbK0mar7oZ4V079I/qPMxg==}
    dependencies:
      tslib: 2.6.2
    dev: false

  /tslib@2.6.2:
    resolution: {integrity: sha512-AEYxH93jGFPn/a2iVAwW87VuUIkR1FVUKB77NwMF7nBTDkDrrT/Hpt/IrCJ0QXhW27jTBDcf5ZY7w6RiqTMw2Q==}
    dev: false

  /uid@2.0.2:
    resolution: {integrity: sha512-u3xV3X7uzvi5b1MncmZo3i2Aw222Zk1keqLA1YkHldREkAhAqi65wuPfe7lHx8H/Wzy+8CE7S7uS3jekIM5s8g==}
    engines: {node: '>=8'}
    dependencies:
      '@lukeed/csprng': 1.1.0
    dev: false
